
Microsoft Visual Studio Solution File, Format Version 11.00
# Visual Studio 2010
Project("{FAE04EC0-301F-11D3-BF4B-00C04F79EFBC}") = "VIJAYA_PRODUCTS", "VIJAYA_PRODUCTS\VIJAYA_PRODUCTS.csproj", "{278E47F1-05F2-44BE-BEA5-CB9A028AD502}"
EndProject
Global
	GlobalSection(SolutionConfigurationPlatforms) = preSolution
		Debug|Any CPU = Debug|Any CPU
		Release|Any CPU = Release|Any CPU
	EndGlobalSection
	GlobalSection(ProjectConfigurationPlatforms) = postSolution
		{278E47F1-05F2-44BE-BEA5-CB9A028AD502}.Debug|Any CPU.ActiveCfg = Debug|Any CPU
		{278E47F1-05F2-44BE-BEA5-CB9A028AD502}.Debug|Any CPU.Build.0 = Debug|Any CPU
		{278E47F1-05F2-44BE-BEA5-CB9A028AD502}.Release|Any CPU.ActiveCfg = Release|Any CPU
		{278E47F1-05F2-44BE-BEA5-CB9A028AD502}.Release|Any CPU.Build.0 = Release|Any CPU
	EndGlobalSection
	GlobalSection(SolutionProperties) = preSolution
		HideSolutionNode = FALSE
	EndGlobalSection
EndGlobal
